
Microsoft Visual Studio Solution File, Format Version 12.00
# Visual Studio Express 14 for Web
VisualStudioVersion = 14.0.25420.1
MinimumVisualStudioVersion = 10.0.40219.1
Project("{FAE04EC0-301F-11D3-BF4B-00C04F79EFBC}") = "WebAPI", "WebAPI\WebAPI.csproj", "{5ED7006F-AB30-4DAB-84A2-C61FC866876A}"
EndProject
Project("{FAE04EC0-301F-11D3-BF4B-00C04F79EFBC}") = "MVC", "MVC\MVC.csproj", "{FD883D14-0240-48F3-BECD-79ADFE41D1CC}"
EndProject
Global
	GlobalSection(SolutionConfigurationPlatforms) = preSolution
		Debug|Any CPU = Debug|Any CPU
		Release|Any CPU = Release|Any CPU
	EndGlobalSection
	GlobalSection(ProjectConfigurationPlatforms) = postSolution
		{5ED7006F-AB30-4DAB-84A2-C61FC866876A}.Debug|Any CPU.ActiveCfg = Debug|Any CPU
		{5ED7006F-AB30-4DAB-84A2-C61FC866876A}.Debug|Any CPU.Build.0 = Debug|Any CPU
		{5ED7006F-AB30-4DAB-84A2-C61FC866876A}.Release|Any CPU.ActiveCfg = Release|Any CPU
		{5ED7006F-AB30-4DAB-84A2-C61FC866876A}.Release|Any CPU.Build.0 = Release|Any CPU
		{FD883D14-0240-48F3-BECD-79ADFE41D1CC}.Debug|Any CPU.ActiveCfg = Debug|Any CPU
		{FD883D14-0240-48F3-BECD-79ADFE41D1CC}.Debug|Any CPU.Build.0 = Debug|Any CPU
		{FD883D14-0240-48F3-BECD-79ADFE41D1CC}.Release|Any CPU.ActiveCfg = Release|Any CPU
		{FD883D14-0240-48F3-BECD-79ADFE41D1CC}.Release|Any CPU.Build.0 = Release|Any CPU
	EndGlobalSection
	GlobalSection(SolutionProperties) = preSolution
		HideSolutionNode = FALSE
	EndGlobalSection
EndGlobal
